
Microsoft Visual Studio Solution File, Format Version 12.00
# Visual Studio 15
VisualStudioVersion = 15.0.28307.106
MinimumVisualStudioVersion = 10.0.40219.1
Project("{8BC9CEB8-8B4A-11D0-8D11-00A0C91BC942}") = "TownSceneCodeGenerator", "TownSceneCodeGenerator\TownSceneCodeGenerator.vcxproj", "{B2468126-FA78-405F-95F1-D9BA1D45D021}"
EndProject
Global
	GlobalSection(SolutionConfigurationPlatforms) = preSolution
		Debug|x64 = Debug|x64
		Debug|x86 = Debug|x86
		Release|x64 = Release|x64
		Release|x86 = Release|x86
	EndGlobalSection
	GlobalSection(ProjectConfigurationPlatforms) = postSolution
		{B2468126-FA78-405F-95F1-D9BA1D45D021}.Debug|x64.ActiveCfg = Debug|x64
		{B2468126-FA78-405F-95F1-D9BA1D45D021}.Debug|x64.Build.0 = Debug|x64
		{B2468126-FA78-405F-95F1-D9BA1D45D021}.Debug|x86.ActiveCfg = Debug|Win32
		{B2468126-FA78-405F-95F1-D9BA1D45D021}.Debug|x86.Build.0 = Debug|Win32
		{B2468126-FA78-405F-95F1-D9BA1D45D021}.Release|x64.ActiveCfg = Release|x64
		{B2468126-FA78-405F-95F1-D9BA1D45D021}.Release|x64.Build.0 = Release|x64
		{B2468126-FA78-405F-95F1-D9BA1D45D021}.Release|x86.ActiveCfg = Release|Win32
		{B2468126-FA78-405F-95F1-D9BA1D45D021}.Release|x86.Build.0 = Release|Win32
	EndGlobalSection
	GlobalSection(SolutionProperties) = preSolution
		HideSolutionNode = FALSE
	EndGlobalSection
	GlobalSection(ExtensibilityGlobals) = postSolution
		SolutionGuid = {3F49A743-B9CA-4DDF-A5D7-DCA307D1A198}
	EndGlobalSection
EndGlobal
